
Microsoft Visual Studio Solution File, Format Version 12.00
# Visual Studio Version 17
VisualStudioVersion = 17.1.32328.378
MinimumVisualStudioVersion = 10.0.40219.1
Project("{9A19103F-16F7-4668-BE54-9A1E7A4F7556}") = "Airlines", "Airlines\Airlines.csproj", "{98CC3B3D-C19A-4F1A-9C83-1E18A0ED04BA}"
EndProject
Global
	GlobalSection(SolutionConfigurationPlatforms) = preSolution
		Debug|Any CPU = Debug|Any CPU
		Release|Any CPU = Release|Any CPU
	EndGlobalSection
	GlobalSection(ProjectConfigurationPlatforms) = postSolution
		{98CC3B3D-C19A-4F1A-9C83-1E18A0ED04BA}.Debug|Any CPU.ActiveCfg = Debug|Any CPU
		{98CC3B3D-C19A-4F1A-9C83-1E18A0ED04BA}.Debug|Any CPU.Build.0 = Debug|Any CPU
		{98CC3B3D-C19A-4F1A-9C83-1E18A0ED04BA}.Release|Any CPU.ActiveCfg = Release|Any CPU
		{98CC3B3D-C19A-4F1A-9C83-1E18A0ED04BA}.Release|Any CPU.Build.0 = Release|Any CPU
	EndGlobalSection
	GlobalSection(SolutionProperties) = preSolution
		HideSolutionNode = FALSE
	EndGlobalSection
	GlobalSection(ExtensibilityGlobals) = postSolution
		SolutionGuid = {15CCC575-BD9F-4863-9054-88E87E6B9E9F}
	EndGlobalSection
EndGlobal
